
Microsoft Visual Studio Solution File, Format Version 12.00
# Visual Studio 15
VisualStudioVersion = 15.0.28307.705
MinimumVisualStudioVersion = 10.0.40219.1
Project("{FAE04EC0-301F-11D3-BF4B-00C04F79EFBC}") = "TemperaturesConverter", "TemperaturesConverter\TemperaturesConverter.csproj", "{7299C316-C06B-4A5E-BA7A-5A30F4547535}"
EndProject
Global
	GlobalSection(SolutionConfigurationPlatforms) = preSolution
		Debug|Any CPU = Debug|Any CPU
		Release|Any CPU = Release|Any CPU
	EndGlobalSection
	GlobalSection(ProjectConfigurationPlatforms) = postSolution
		{7299C316-C06B-4A5E-BA7A-5A30F4547535}.Debug|Any CPU.ActiveCfg = Debug|Any CPU
		{7299C316-C06B-4A5E-BA7A-5A30F4547535}.Debug|Any CPU.Build.0 = Debug|Any CPU
		{7299C316-C06B-4A5E-BA7A-5A30F4547535}.Release|Any CPU.ActiveCfg = Release|Any CPU
		{7299C316-C06B-4A5E-BA7A-5A30F4547535}.Release|Any CPU.Build.0 = Release|Any CPU
	EndGlobalSection
	GlobalSection(SolutionProperties) = preSolution
		HideSolutionNode = FALSE
	EndGlobalSection
	GlobalSection(ExtensibilityGlobals) = postSolution
		SolutionGuid = {E67613B9-830E-43C9-A625-5213BD453BB7}
	EndGlobalSection
EndGlobal
